
Microsoft Visual Studio Solution File, Format Version 12.00
# Visual Studio Version 17
VisualStudioVersion = 17.9.34714.143
MinimumVisualStudioVersion = 10.0.40219.1
Project("{FAE04EC0-301F-11D3-BF4B-00C04F79EFBC}") = "SuperAdventure", "SuperAdventure\SuperAdventure.csproj", "{711278BD-D196-4860-965C-746FF72B025F}"
EndProject
Project("{FAE04EC0-301F-11D3-BF4B-00C04F79EFBC}") = "Engine", "Engine\Engine.csproj", "{0A9D3F61-482E-495F-92D2-F79C724DB191}"
EndProject
Global
	GlobalSection(SolutionConfigurationPlatforms) = preSolution
		Debug|Any CPU = Debug|Any CPU
		Release|Any CPU = Release|Any CPU
	EndGlobalSection
	GlobalSection(ProjectConfigurationPlatforms) = postSolution
		{711278BD-D196-4860-965C-746FF72B025F}.Debug|Any CPU.ActiveCfg = Debug|Any CPU
		{711278BD-D196-4860-965C-746FF72B025F}.Debug|Any CPU.Build.0 = Debug|Any CPU
		{711278BD-D196-4860-965C-746FF72B025F}.Release|Any CPU.ActiveCfg = Release|Any CPU
		{711278BD-D196-4860-965C-746FF72B025F}.Release|Any CPU.Build.0 = Release|Any CPU
		{0A9D3F61-482E-495F-92D2-F79C724DB191}.Debug|Any CPU.ActiveCfg = Debug|Any CPU
		{0A9D3F61-482E-495F-92D2-F79C724DB191}.Debug|Any CPU.Build.0 = Debug|Any CPU
		{0A9D3F61-482E-495F-92D2-F79C724DB191}.Release|Any CPU.ActiveCfg = Release|Any CPU
		{0A9D3F61-482E-495F-92D2-F79C724DB191}.Release|Any CPU.Build.0 = Release|Any CPU
	EndGlobalSection
	GlobalSection(SolutionProperties) = preSolution
		HideSolutionNode = FALSE
	EndGlobalSection
	GlobalSection(ExtensibilityGlobals) = postSolution
		SolutionGuid = {E68D48A8-0C9B-476D-9B35-8034DF15DF47}
	EndGlobalSection
EndGlobal
